// !$*UTF8*$!
{
	archiveVersion = 1;
	classes = {
	};
	objectVersion = 46;
	objects = {

/* Begin PBXBuildFile section */
		7F822008199A235400DC4944 /* Foundation.framework in Frameworks */ = {isa = PBXBuildFile; fileRef = 7F822007199A235400DC4944 /* Foundation.framework */; };
		7F82200A199A235400DC4944 /* CoreGraphics.framework in Frameworks */ = {isa = PBXBuildFile; fileRef = 7F822009199A235400DC4944 /* CoreGraphics.framework */; };
		7F82200C199A235400DC4944 /* UIKit.framework in Frameworks */ = {isa = PBXBuildFile; fileRef = 7F82200B199A235400DC4944 /* UIKit.framework */; };
		7F822012199A235400DC4944 /* InfoPlist.strings in Resources */ = {isa = PBXBuildFile; fileRef = 7F822010199A235400DC4944 /* InfoPlist.strings */; };
		7F822014199A235400DC4944 /* main.m in Sources */ = {isa = PBXBuildFile; fileRef = 7F822013199A235400DC4944 /* main.m */; };
		7F822018199A235400DC4944 /* AppDelegate.m in Sources */ = {isa = PBXBuildFile; fileRef = 7F822017199A235400DC4944 /* AppDelegate.m */; };
		7F82201B199A235400DC4944 /* Main_iPhone.storyboard in Resources */ = {isa = PBXBuildFile; fileRef = 7F822019199A235400DC4944 /* Main_iPhone.storyboard */; };
		7F82201E199A235400DC4944 /* Main_iPad.storyboard in Resources */ = {isa = PBXBuildFile; fileRef = 7F82201C199A235400DC4944 /* Main_iPad.storyboard */; };
		7F822021199A235400DC4944 /* ViewController.m in Sources */ = {isa = PBXBuildFile; fileRef = 7F822020199A235400DC4944 /* ViewController.m */; };
		7F822023199A235400DC4944 /* Images.xcassets in Resources */ = {isa = PBXBuildFile; fileRef = 7F822022199A235400DC4944 /* Images.xcassets */; };
		7F82202A199A235400DC4944 /* XCTest.framework in Frameworks */ = {isa = PBXBuildFile; fileRef = 7F822029199A235400DC4944 /* XCTest.framework */; };
		7F82202B199A235400DC4944 /* Foundation.framework in Frameworks */ = {isa = PBXBuildFile; fileRef = 7F822007199A235400DC4944 /* Foundation.framework */; };
		7F82202C199A235400DC4944 /* UIKit.framework in Frameworks */ = {isa = PBXBuildFile; fileRef = 7F82200B199A235400DC4944 /* UIKit.framework */; };
		7F822034199A235400DC4944 /* InfoPlist.strings in Resources */ = {isa = PBXBuildFile; fileRef = 7F822032199A235400DC4944 /* InfoPlist.strings */; };
		7F822036199A235400DC4944 /* gettingStartedTests.m in Sources */ = {isa = PBXBuildFile; fileRef = 7F822035199A235400DC4944 /* gettingStartedTests.m */; };
		7F822048199A23E900DC4944 /* ExternalAccessory.framework in Frameworks */ = {isa = PBXBuildFile; fileRef = 7F822047199A23E900DC4944 /* ExternalAccessory.framework */; };
		7F82204A199A23F200DC4944 /* Security.framework in Frameworks */ = {isa = PBXBuildFile; fileRef = 7F822049199A23F200DC4944 /* Security.framework */; };
		7FD780CC19C2139400278777 /* libheft.a in Frameworks */ = {isa = PBXBuildFile; fileRef = 7FD780CB19C2139400278777 /* libheft.a */; };
/* End PBXBuildFile section */

/* Begin PBXContainerItemProxy section */
		7F82202D199A235400DC4944 /* PBXContainerItemProxy */ = {
			isa = PBXContainerItemProxy;
			containerPortal = 7F821FFC199A235400DC4944 /* Project object */;
			proxyType = 1;
			remoteGlobalIDString = 7F822003199A235400DC4944;
			remoteInfo = gettingStarted;
		};
/* End PBXContainerItemProxy section */

/* Begin PBXFileReference section */
		7F822004199A235400DC4944 /* gettingStarted.app */ = {isa = PBXFileReference; explicitFileType = wrapper.application; includeInIndex = 0; path = gettingStarted.app; sourceTree = BUILT_PRODUCTS_DIR; };
		7F822007199A235400DC4944 /* Foundation.framework */ = {isa = PBXFileReference; lastKnownFileType = wrapper.framework; name = Foundation.framework; path = System/Library/Frameworks/Foundation.framework; sourceTree = SDKROOT; };
		7F822009199A235400DC4944 /* CoreGraphics.framework */ = {isa = PBXFileReference; lastKnownFileType = wrapper.framework; name = CoreGraphics.framework; path = System/Library/Frameworks/CoreGraphics.framework; sourceTree = SDKROOT; };
		7F82200B199A235400DC4944 /* UIKit.framework */ = {isa = PBXFileReference; lastKnownFileType = wrapper.framework; name = UIKit.framework; path = System/Library/Frameworks/UIKit.framework; sourceTree = SDKROOT; };
		7F82200F199A235400DC4944 /* gettingStarted-Info.plist */ = {isa = PBXFileReference; lastKnownFileType = text.plist.xml; path = "gettingStarted-Info.plist"; sourceTree = "<group>"; };
		7F822011199A235400DC4944 /* en */ = {isa = PBXFileReference; lastKnownFileType = text.plist.strings; name = en; path = en.lproj/InfoPlist.strings; sourceTree = "<group>"; };
		7F822013199A235400DC4944 /* main.m */ = {isa = PBXFileReference; lastKnownFileType = sourcecode.c.objc; lineEnding = 0; path = main.m; sourceTree = "<group>"; xcLanguageSpecificationIdentifier = xcode.lang.objc; };
		7F822015199A235400DC4944 /* gettingStarted-Prefix.pch */ = {isa = PBXFileReference; lastKnownFileType = sourcecode.c.h; path = "gettingStarted-Prefix.pch"; sourceTree = "<group>"; };
		7F822016199A235400DC4944 /* AppDelegate.h */ = {isa = PBXFileReference; lastKnownFileType = sourcecode.c.h; lineEnding = 0; path = AppDelegate.h; sourceTree = "<group>"; xcLanguageSpecificationIdentifier = xcode.lang.objcpp; };
		7F822017199A235400DC4944 /* AppDelegate.m */ = {isa = PBXFileReference; lastKnownFileType = sourcecode.c.objc; lineEnding = 0; path = AppDelegate.m; sourceTree = "<group>"; xcLanguageSpecificationIdentifier = xcode.lang.objc; };
		7F82201A199A235400DC4944 /* Base */ = {isa = PBXFileReference; lastKnownFileType = file.storyboard; name = Base; path = Base.lproj/Main_iPhone.storyboard; sourceTree = "<group>"; };
		7F82201D199A235400DC4944 /* Base */ = {isa = PBXFileReference; lastKnownFileType = file.storyboard; name = Base; path = Base.lproj/Main_iPad.storyboard; sourceTree = "<group>"; };
		7F82201F199A235400DC4944 /* ViewController.h */ = {isa = PBXFileReference; lastKnownFileType = sourcecode.c.h; lineEnding = 0; path = ViewController.h; sourceTree = "<group>"; xcLanguageSpecificationIdentifier = xcode.lang.objcpp; };
		7F822020199A235400DC4944 /* ViewController.m */ = {isa = PBXFileReference; lastKnownFileType = sourcecode.c.objc; lineEnding = 0; path = ViewController.m; sourceTree = "<group>"; xcLanguageSpecificationIdentifier = xcode.lang.objc; };
		7F822022199A235400DC4944 /* Images.xcassets */ = {isa = PBXFileReference; lastKnownFileType = folder.assetcatalog; path = Images.xcassets; sourceTree = "<group>"; };
		7F822028199A235400DC4944 /* gettingStartedTests.xctest */ = {isa = PBXFileReference; explicitFileType = wrapper.cfbundle; includeInIndex = 0; path = gettingStartedTests.xctest; sourceTree = BUILT_PRODUCTS_DIR; };
		7F822029199A235400DC4944 /* XCTest.framework */ = {isa = PBXFileReference; lastKnownFileType = wrapper.framework; name = XCTest.framework; path = Library/Frameworks/XCTest.framework; sourceTree = DEVELOPER_DIR; };
		7F822031199A235400DC4944 /* gettingStartedTests-Info.plist */ = {isa = PBXFileReference; lastKnownFileType = text.plist.xml; path = "gettingStartedTests-Info.plist"; sourceTree = "<group>"; };
		7F822033199A235400DC4944 /* en */ = {isa = PBXFileReference; lastKnownFileType = text.plist.strings; name = en; path = en.lproj/InfoPlist.strings; sourceTree = "<group>"; };
		7F822035199A235400DC4944 /* gettingStartedTests.m */ = {isa = PBXFileReference; lastKnownFileType = sourcecode.c.objc; lineEnding = 0; path = gettingStartedTests.m; sourceTree = "<group>"; xcLanguageSpecificationIdentifier = xcode.lang.objc; };
		7F822047199A23E900DC4944 /* ExternalAccessory.framework */ = {isa = PBXFileReference; lastKnownFileType = wrapper.framework; name = ExternalAccessory.framework; path = System/Library/Frameworks/ExternalAccessory.framework; sourceTree = SDKROOT; };
		7F822049199A23F200DC4944 /* Security.framework */ = {isa = PBXFileReference; lastKnownFileType = wrapper.framework; name = Security.framework; path = System/Library/Frameworks/Security.framework; sourceTree = SDKROOT; };
		7FD780C719C2139400278777 /* CmdIds.h */ = {isa = PBXFileReference; fileEncoding = 4; lastKnownFileType = sourcecode.c.h; path = CmdIds.h; sourceTree = "<group>"; };
		7FD780C819C2139400278777 /* HeftClient.h */ = {isa = PBXFileReference; fileEncoding = 4; lastKnownFileType = sourcecode.c.h; path = HeftClient.h; sourceTree = "<group>"; };
		7FD780C919C2139400278777 /* HeftManager.h */ = {isa = PBXFileReference; fileEncoding = 4; lastKnownFileType = sourcecode.c.h; path = HeftManager.h; sourceTree = "<group>"; };
		7FD780CA19C2139400278777 /* HeftStatusReportPublic.h */ = {isa = PBXFileReference; fileEncoding = 4; lastKnownFileType = sourcecode.c.h; path = HeftStatusReportPublic.h; sourceTree = "<group>"; };
		7FD780CB19C2139400278777 /* libheft.a */ = {isa = PBXFileReference; lastKnownFileType = archive.ar; path = libheft.a; sourceTree = "<group>"; };
/* End PBXFileReference section */

/* Begin PBXFrameworksBuildPhase section */
		7F822001199A235400DC4944 /* Frameworks */ = {
			isa = PBXFrameworksBuildPhase;
			buildActionMask = 2147483647;
			files = (
				7F82204A199A23F200DC4944 /* Security.framework in Frameworks */,
				7F822048199A23E900DC4944 /* ExternalAccessory.framework in Frameworks */,
				7FD780CC19C2139400278777 /* libheft.a in Frameworks */,
				7F82200A199A235400DC4944 /* CoreGraphics.framework in Frameworks */,
				7F82200C199A235400DC4944 /* UIKit.framework in Frameworks */,
				7F822008199A235400DC4944 /* Foundation.framework in Frameworks */,
			);
			runOnlyForDeploymentPostprocessing = 0;
		};
		7F822025199A235400DC4944 /* Frameworks */ = {
			isa = PBXFrameworksBuildPhase;
			buildActionMask = 2147483647;
			files = (
				7F82202A199A235400DC4944 /* XCTest.framework in Frameworks */,
				7F82202C199A235400DC4944 /* UIKit.framework in Frameworks */,
				7F82202B199A235400DC4944 /* Foundation.framework in Frameworks */,
			);
			runOnlyForDeploymentPostprocessing = 0;
		};
/* End PBXFrameworksBuildPhase section */

/* Begin PBXGroup section */
		7F821FFB199A235400DC4944 = {
			isa = PBXGroup;
			children = (
				7FD780C519C2139400278777 /* HeftLibrary */,
				7F82200D199A235400DC4944 /* gettingStarted */,
				7F82202F199A235400DC4944 /* gettingStartedTests */,
				7F822006199A235400DC4944 /* Frameworks */,
				7F822005199A235400DC4944 /* Products */,
			);
			sourceTree = "<group>";
		};
		7F822005199A235400DC4944 /* Products */ = {
			isa = PBXGroup;
			children = (
				7F822004199A235400DC4944 /* gettingStarted.app */,
				7F822028199A235400DC4944 /* gettingStartedTests.xctest */,
			);
			name = Products;
			sourceTree = "<group>";
		};
		7F822006199A235400DC4944 /* Frameworks */ = {
			isa = PBXGroup;
			children = (
				7F822049199A23F200DC4944 /* Security.framework */,
				7F822047199A23E900DC4944 /* ExternalAccessory.framework */,
				7F822007199A235400DC4944 /* Foundation.framework */,
				7F822009199A235400DC4944 /* CoreGraphics.framework */,
				7F82200B199A235400DC4944 /* UIKit.framework */,
				7F822029199A235400DC4944 /* XCTest.framework */,
			);
			name = Frameworks;
			sourceTree = "<group>";
		};
		7F82200D199A235400DC4944 /* gettingStarted */ = {
			isa = PBXGroup;
			children = (
				7F822016199A235400DC4944 /* AppDelegate.h */,
				7F822017199A235400DC4944 /* AppDelegate.m */,
				7F822019199A235400DC4944 /* Main_iPhone.storyboard */,
				7F82201C199A235400DC4944 /* Main_iPad.storyboard */,
				7F82201F199A235400DC4944 /* ViewController.h */,
				7F822020199A235400DC4944 /* ViewController.m */,
				7F822022199A235400DC4944 /* Images.xcassets */,
				7F82200E199A235400DC4944 /* Supporting Files */,
			);
			path = gettingStarted;
			sourceTree = "<group>";
		};
		7F82200E199A235400DC4944 /* Supporting Files */ = {
			isa = PBXGroup;
			children = (
				7F82200F199A235400DC4944 /* gettingStarted-Info.plist */,
				7F822010199A235400DC4944 /* InfoPlist.strings */,
				7F822013199A235400DC4944 /* main.m */,
				7F822015199A235400DC4944 /* gettingStarted-Prefix.pch */,
			);
			name = "Supporting Files";
			sourceTree = "<group>";
		};
		7F82202F199A235400DC4944 /* gettingStartedTests */ = {
			isa = PBXGroup;
			children = (
				7F822035199A235400DC4944 /* gettingStartedTests.m */,
				7F822030199A235400DC4944 /* Supporting Files */,
			);
			path = gettingStartedTests;
			sourceTree = "<group>";
		};
		7F822030199A235400DC4944 /* Supporting Files */ = {
			isa = PBXGroup;
			children = (
				7F822031199A235400DC4944 /* gettingStartedTests-Info.plist */,
				7F822032199A235400DC4944 /* InfoPlist.strings */,
			);
			name = "Supporting Files";
			sourceTree = "<group>";
		};
		7FD780C519C2139400278777 /* HeftLibrary */ = {
			isa = PBXGroup;
			children = (
				7FD780C619C2139400278777 /* include */,
				7FD780CB19C2139400278777 /* libheft.a */,
			);
			path = HeftLibrary;
			sourceTree = "<group>";
		};
		7FD780C619C2139400278777 /* include */ = {
			isa = PBXGroup;
			children = (
				7FD780C719C2139400278777 /* CmdIds.h */,
				7FD780C819C2139400278777 /* HeftClient.h */,
				7FD780C919C2139400278777 /* HeftManager.h */,
				7FD780CA19C2139400278777 /* HeftStatusReportPublic.h */,
			);
			path = include;
			sourceTree = "<group>";
		};
/* End PBXGroup section */

/* Begin PBXNativeTarget section */
		7F822003199A235400DC4944 /* gettingStarted */ = {
			isa = PBXNativeTarget;
			buildConfigurationList = 7F822039199A235400DC4944 /* Build configuration list for PBXNativeTarget "gettingStarted" */;
			buildPhases = (
				7F822000199A235400DC4944 /* Sources */,
				7F822001199A235400DC4944 /* Frameworks */,
				7F822002199A235400DC4944 /* Resources */,
			);
			buildRules = (
			);
			dependencies = (
			);
			name = gettingStarted;
			productName = gettingStarted;
			productReference = 7F822004199A235400DC4944 /* gettingStarted.app */;
			productType = "com.apple.product-type.application";
		};
		7F822027199A235400DC4944 /* gettingStartedTests */ = {
			isa = PBXNativeTarget;
			buildConfigurationList = 7F82203C199A235400DC4944 /* Build configuration list for PBXNativeTarget "gettingStartedTests" */;
			buildPhases = (
				7F822024199A235400DC4944 /* Sources */,
				7F822025199A235400DC4944 /* Frameworks */,
				7F822026199A235400DC4944 /* Resources */,
			);
			buildRules = (
			);
			dependencies = (
				7F82202E199A235400DC4944 /* PBXTargetDependency */,
			);
			name = gettingStartedTests;
			productName = gettingStartedTests;
			productReference = 7F822028199A235400DC4944 /* gettingStartedTests.xctest */;
			productType = "com.apple.product-type.bundle.unit-test";
		};
/* End PBXNativeTarget section */

/* Begin PBXProject section */
		7F821FFC199A235400DC4944 /* Project object */ = {
			isa = PBXProject;
			attributes = {
				LastUpgradeCheck = 0510;
				ORGANIZATIONNAME = handpoint;
				TargetAttributes = {
					7F822027199A235400DC4944 = {
						TestTargetID = 7F822003199A235400DC4944;
					};
				};
			};
			buildConfigurationList = 7F821FFF199A235400DC4944 /* Build configuration list for PBXProject "gettingStarted" */;
			compatibilityVersion = "Xcode 3.2";
			developmentRegion = English;
			hasScannedForEncodings = 0;
			knownRegions = (
				en,
				Base,
			);
			mainGroup = 7F821FFB199A235400DC4944;
			productRefGroup = 7F822005199A235400DC4944 /* Products */;
			projectDirPath = "";
			projectRoot = "";
			targets = (
				7F822003199A235400DC4944 /* gettingStarted */,
				7F822027199A235400DC4944 /* gettingStartedTests */,
			);
		};
/* End PBXProject section */

/* Begin PBXResourcesBuildPhase section */
		7F822002199A235400DC4944 /* Resources */ = {
			isa = PBXResourcesBuildPhase;
			buildActionMask = 2147483647;
			files = (
				7F82201E199A235400DC4944 /* Main_iPad.storyboard in Resources */,
				7F822023199A235400DC4944 /* Images.xcassets in Resources */,
				7F82201B199A235400DC4944 /* Main_iPhone.storyboard in Resources */,
				7F822012199A235400DC4944 /* InfoPlist.strings in Resources */,
			);
			runOnlyForDeploymentPostprocessing = 0;
		};
		7F822026199A235400DC4944 /* Resources */ = {
			isa = PBXResourcesBuildPhase;
			buildActionMask = 2147483647;
			files = (
				7F822034199A235400DC4944 /* InfoPlist.strings in Resources */,
			);
			runOnlyForDeploymentPostprocessing = 0;
		};
/* End PBXResourcesBuildPhase section */

/* Begin PBXSourcesBuildPhase section */
		7F822000199A235400DC4944 /* Sources */ = {
			isa = PBXSourcesBuildPhase;
			buildActionMask = 2147483647;
			files = (
				7F822021199A235400DC4944 /* ViewController.m in Sources */,
				7F822018199A235400DC4944 /* AppDelegate.m in Sources */,
				7F822014199A235400DC4944 /* main.m in Sources */,
			);
			runOnlyForDeploymentPostprocessing = 0;
		};
		7F822024199A235400DC4944 /* Sources */ = {
			isa = PBXSourcesBuildPhase;
			buildActionMask = 2147483647;
			files = (
				7F822036199A235400DC4944 /* gettingStartedTests.m in Sources */,
			);
			runOnlyForDeploymentPostprocessing = 0;
		};
/* End PBXSourcesBuildPhase section */

/* Begin PBXTargetDependency section */
		7F82202E199A235400DC4944 /* PBXTargetDependency */ = {
			isa = PBXTargetDependency;
			target = 7F822003199A235400DC4944 /* gettingStarted */;
			targetProxy = 7F82202D199A235400DC4944 /* PBXContainerItemProxy */;
		};
/* End PBXTargetDependency section */

/* Begin PBXVariantGroup section */
		7F822010199A235400DC4944 /* InfoPlist.strings */ = {
			isa = PBXVariantGroup;
			children = (
				7F822011199A235400DC4944 /* en */,
			);
			name = InfoPlist.strings;
			sourceTree = "<group>";
		};
		7F822019199A235400DC4944 /* Main_iPhone.storyboard */ = {
			isa = PBXVariantGroup;
			children = (
				7F82201A199A235400DC4944 /* Base */,
			);
			name = Main_iPhone.storyboard;
			sourceTree = "<group>";
		};
		7F82201C199A235400DC4944 /* Main_iPad.storyboard */ = {
			isa = PBXVariantGroup;
			children = (
				7F82201D199A235400DC4944 /* Base */,
			);
			name = Main_iPad.storyboard;
			sourceTree = "<group>";
		};
		7F822032199A235400DC4944 /* InfoPlist.strings */ = {
			isa = PBXVariantGroup;
			children = (
				7F822033199A235400DC4944 /* en */,
			);
			name = InfoPlist.strings;
			sourceTree = "<group>";
		};
/* End PBXVariantGroup section */

/* Begin XCBuildConfiguration section */
		7F822037199A235400DC4944 /* Debug */ = {
			isa = XCBuildConfiguration;
			buildSettings = {
				ALWAYS_SEARCH_USER_PATHS = NO;
				CLANG_CXX_LANGUAGE_STANDARD = "gnu++0x";
				CLANG_CXX_LIBRARY = "libc++";
				CLANG_ENABLE_MODULES = YES;
				CLANG_ENABLE_OBJC_ARC = YES;
				CLANG_WARN_BOOL_CONVERSION = YES;
				CLANG_WARN_CONSTANT_CONVERSION = YES;
				CLANG_WARN_DIRECT_OBJC_ISA_USAGE = YES_ERROR;
				CLANG_WARN_EMPTY_BODY = YES;
				CLANG_WARN_ENUM_CONVERSION = YES;
				CLANG_WARN_INT_CONVERSION = YES;
				CLANG_WARN_OBJC_ROOT_CLASS = YES_ERROR;
				CLANG_WARN__DUPLICATE_METHOD_MATCH = YES;
				"CODE_SIGN_IDENTITY[sdk=iphoneos*]" = "iPhone Developer";
				COPY_PHASE_STRIP = NO;
				GCC_C_LANGUAGE_STANDARD = gnu99;
				GCC_DYNAMIC_NO_PIC = NO;
				GCC_OPTIMIZATION_LEVEL = 0;
				GCC_PREPROCESSOR_DEFINITIONS = (
					"DEBUG=1",
					"$(inherited)",
				);
				GCC_SYMBOLS_PRIVATE_EXTERN = NO;
				GCC_WARN_64_TO_32_BIT_CONVERSION = YES;
				GCC_WARN_ABOUT_RETURN_TYPE = YES_ERROR;
				GCC_WARN_UNDECLARED_SELECTOR = YES;
				GCC_WARN_UNINITIALIZED_AUTOS = YES_AGGRESSIVE;
				GCC_WARN_UNUSED_FUNCTION = YES;
				GCC_WARN_UNUSED_VARIABLE = YES;
				IPHONEOS_DEPLOYMENT_TARGET = 7.1;
				ONLY_ACTIVE_ARCH = YES;
				SDKROOT = iphoneos;
				TARGETED_DEVICE_FAMILY = "1,2";
			};
			name = Debug;
		};
		7F822038199A235400DC4944 /* Release */ = {
			isa = XCBuildConfiguration;
			buildSettings = {
				ALWAYS_SEARCH_USER_PATHS = NO;
				CLANG_CXX_LANGUAGE_STANDARD = "gnu++0x";
				CLANG_CXX_LIBRARY = "libc++";
				CLANG_ENABLE_MODULES = YES;
				CLANG_ENABLE_OBJC_ARC = YES;
				CLANG_WARN_BOOL_CONVERSION = YES;
				CLANG_WARN_CONSTANT_CONVERSION = YES;
				CLANG_WARN_DIRECT_OBJC_ISA_USAGE = YES_ERROR;
				CLANG_WARN_EMPTY_BODY = YES;
				CLANG_WARN_ENUM_CONVERSION = YES;
				CLANG_WARN_INT_CONVERSION = YES;
				CLANG_WARN_OBJC_ROOT_CLASS = YES_ERROR;
				CLANG_WARN__DUPLICATE_METHOD_MATCH = YES;
				"CODE_SIGN_IDENTITY[sdk=iphoneos*]" = "iPhone Developer";
				COPY_PHASE_STRIP = YES;
				ENABLE_NS_ASSERTIONS = NO;
				GCC_C_LANGUAGE_STANDARD = gnu99;
				GCC_WARN_64_TO_32_BIT_CONVERSION = YES;
				GCC_WARN_ABOUT_RETURN_TYPE = YES_ERROR;
				GCC_WARN_UNDECLARED_SELECTOR = YES;
				GCC_WARN_UNINITIALIZED_AUTOS = YES_AGGRESSIVE;
				GCC_WARN_UNUSED_FUNCTION = YES;
				GCC_WARN_UNUSED_VARIABLE = YES;
				IPHONEOS_DEPLOYMENT_TARGET = 7.1;
				SDKROOT = iphoneos;
				TARGETED_DEVICE_FAMILY = "1,2";
				VALIDATE_PRODUCT = YES;
			};
			name = Release;
		};
		7F82203A199A235400DC4944 /* Debug */ = {
			isa = XCBuildConfiguration;
			buildSettings = {
				ASSETCATALOG_COMPILER_APPICON_NAME = AppIcon;
				ASSETCATALOG_COMPILER_LAUNCHIMAGE_NAME = LaunchImage;
				GCC_PRECOMPILE_PREFIX_HEADER = YES;
				GCC_PREFIX_HEADER = "gettingStarted/gettingStarted-Prefix.pch";
				INFOPLIST_FILE = "gettingStarted/gettingStarted-Info.plist";
				IPHONEOS_DEPLOYMENT_TARGET = 6.0;
				LIBRARY_SEARCH_PATHS = (
					"$(inherited)",
					"$(PROJECT_DIR)/HeftLibrary",
					"$(PROJECT_DIR)/HeftLibrarySimulator",
				);
				OTHER_LDFLAGS = "-lc++";
				PRODUCT_NAME = "$(TARGET_NAME)";
				WRAPPER_EXTENSION = app;
			};
			name = Debug;
		};
		7F82203B199A235400DC4944 /* Release */ = {
			isa = XCBuildConfiguration;
			buildSettings = {
				ASSETCATALOG_COMPILER_APPICON_NAME = AppIcon;
				ASSETCATALOG_COMPILER_LAUNCHIMAGE_NAME = LaunchImage;
				GCC_PRECOMPILE_PREFIX_HEADER = YES;
				GCC_PREFIX_HEADER = "gettingStarted/gettingStarted-Prefix.pch";
				INFOPLIST_FILE = "gettingStarted/gettingStarted-Info.plist";
				IPHONEOS_DEPLOYMENT_TARGET = 6.0;
				LIBRARY_SEARCH_PATHS = (
					"$(inherited)",
					"$(PROJECT_DIR)/HeftLibrary",
					"$(PROJECT_DIR)/HeftLibrarySimulator",
				);
				OTHER_LDFLAGS = "-lc++";
				PRODUCT_NAME = "$(TARGET_NAME)";
				WRAPPER_EXTENSION = app;
			};
			name = Release;
		};
		7F82203D199A235400DC4944 /* Debug */ = {
			isa = XCBuildConfiguration;
			buildSettings = {
				BUNDLE_LOADER = "$(BUILT_PRODUCTS_DIR)/gettingStarted.app/gettingStarted";
				FRAMEWORK_SEARCH_PATHS = (
					"$(SDKROOT)/Developer/Library/Frameworks",
					"$(inherited)",
					"$(DEVELOPER_FRAMEWORKS_DIR)",
				);
				GCC_PRECOMPILE_PREFIX_HEADER = YES;
				GCC_PREFIX_HEADER = "gettingStarted/gettingStarted-Prefix.pch";
				GCC_PREPROCESSOR_DEFINITIONS = (
					"DEBUG=1",
					"$(inherited)",
				);
				INFOPLIST_FILE = "gettingStartedTests/gettingStartedTests-Info.plist";
				PRODUCT_NAME = "$(TARGET_NAME)";
				TEST_HOST = "$(BUNDLE_LOADER)";
				WRAPPER_EXTENSION = xctest;
			};
			name = Debug;
		};
		7F82203E199A235400DC4944 /* Release */ = {
			isa = XCBuildConfiguration;
			buildSettings = {
				BUNDLE_LOADER = "$(BUILT_PRODUCTS_DIR)/gettingStarted.app/gettingStarted";
				FRAMEWORK_SEARCH_PATHS = (
					"$(SDKROOT)/Developer/Library/Frameworks",
					"$(inherited)",
					"$(DEVELOPER_FRAMEWORKS_DIR)",
				);
				GCC_PRECOMPILE_PREFIX_HEADER = YES;
				GCC_PREFIX_HEADER = "gettingStarted/gettingStarted-Prefix.pch";
				INFOPLIST_FILE = "gettingStartedTests/gettingStartedTests-Info.plist";
				PRODUCT_NAME = "$(TARGET_NAME)";
				TEST_HOST = "$(BUNDLE_LOADER)";
				WRAPPER_EXTENSION = xctest;
			};
			name = Release;
		};
/* End XCBuildConfiguration section */

/* Begin XCConfigurationList section */
		7F821FFF199A235400DC4944 /* Build configuration list for PBXProject "gettingStarted" */ = {
			isa = XCConfigurationList;
			buildConfigurations = (
				7F822037199A235400DC4944 /* Debug */,
				7F822038199A235400DC4944 /* Release */,
			);
			defaultConfigurationIsVisible = 0;
			defaultConfigurationName = Release;
		};
		7F822039199A235400DC4944 /* Build configuration list for PBXNativeTarget "gettingStarted" */ = {
			isa = XCConfigurationList;
			buildConfigurations = (
				7F82203A199A235400DC4944 /* Debug */,
				7F82203B199A235400DC4944 /* Release */,
			);
			defaultConfigurationIsVisible = 0;
			defaultConfigurationName = Release;
		};
		7F82203C199A235400DC4944 /* Build configuration list for PBXNativeTarget "gettingStartedTests" */ = {
			isa = XCConfigurationList;
			buildConfigurations = (
				7F82203D199A235400DC4944 /* Debug */,
				7F82203E199A235400DC4944 /* Release */,
			);
			defaultConfigurationIsVisible = 0;
			defaultConfigurationName = Release;
		};
/* End XCConfigurationList section */
	};
	rootObject = 7F821FFC199A235400DC4944 /* Project object */;
}
